{
  "name": "guess-plugin",
  "version": "1.0.0",
  "lockfileVersion": 3,
  "requires": true,
  "packages": {
    "": {
      "name": "guess-plugin",
      "version": "1.0.0",
      "dependencies": {
        "art-template": "^4.13.2",
        "d3-delaunay": "^6.0.0",
        "genshin-db": "^5.2.7",
        "node-cron": "^3.0.0",
        "sharp": "^0.33.5"
      }
    },
    "../../node_modules/.pnpm/@napi-rs+canvas@0.1.100/node_modules/@napi-rs/canvas": {
      "version": "0.1.100",
      "extraneous": true,
      "license": "MIT",
      "workspaces": [
        "e2e/*"
      ],
      "devDependencies": {
        "@jimp/core": "^1.6.0",
        "@jimp/custom": "^0.22.12",
        "@jimp/jpeg": "^0.22.12",
        "@jimp/png": "^0.22.12",
        "@napi-rs/cli": "^3.5.0",
        "@napi-rs/webcodecs": "^1.1.1",
        "@octokit/rest": "^22.0.1",
        "@oxc-node/cli": "^0.1.0",
        "@oxc-node/core": "^0.1.0",
        "@taplo/cli": "^0.7.0",
        "@types/lodash": "^4.17.21",
        "@types/node": "^25.0.3",
        "@types/semver": "^7",
        "ava": "^7.0.0",
        "canvas": "^3.2.0",
        "canvaskit-wasm": "^0.41.0",
        "colorette": "^2.0.20",
        "conventional-changelog-cli": "^5.0.0",
        "core-js": "^3.47.0",
        "echarts": "^6.0.0",
        "electron": "^41.0.0",
        "husky": "^9.1.7",
        "lint-staged": "^16.2.7",
        "lodash": "^4.17.21",
        "npm-run-all2": "^8.0.4",
        "oxlint": "^1.34.0",
        "oxlint-tsgolint": "^0.22.0",
        "pinst": "^3.0.0",
        "png.js": "^0.2.1",
        "prettier": "^3.7.4",
        "pretty-bytes": "^7.1.0",
        "semver": "^7.7.3",
        "skia-canvas": "^3.0.8",
        "table": "^6.9.0",
        "tinybench": "^6.0.0",
        "typescript": "^6.0.0"
      },
      "engines": {
        "node": ">= 10"
      },
      "funding": {
        "type": "github",
        "url": "https://github.com/sponsors/Brooooooklyn"
      },
      "optionalDependencies": {
        "@napi-rs/canvas-android-arm64": "0.1.100",
        "@napi-rs/canvas-darwin-arm64": "0.1.100",
        "@napi-rs/canvas-darwin-x64": "0.1.100",
        "@napi-rs/canvas-linux-arm-gnueabihf": "0.1.100",
        "@napi-rs/canvas-linux-arm64-gnu": "0.1.100",
        "@napi-rs/canvas-linux-arm64-musl": "0.1.100",
        "@napi-rs/canvas-linux-riscv64-gnu": "0.1.100",
        "@napi-rs/canvas-linux-x64-gnu": "0.1.100",
        "@napi-rs/canvas-linux-x64-musl": "0.1.100",
        "@napi-rs/canvas-win32-arm64-msvc": "0.1.100",
        "@napi-rs/canvas-win32-x64-msvc": "0.1.100"
      }
    },
    "../../node_modules/.pnpm/art-template@4.13.2/node_modules/art-template": {
      "version": "4.13.2",
      "license": "MIT",
      "dependencies": {
        "acorn": "^5.0.3",
        "escodegen": "^1.8.1",
        "estraverse": "^4.2.0",
        "html-minifier": "^3.4.3",
        "is-keyword-js": "^1.0.3",
        "js-tokens": "^3.0.1",
        "merge-source-map": "^1.0.3",
        "source-map": "^0.5.6"
      },
      "devDependencies": {
        "babel-cli": "^6.26.0",
        "babel-preset-env": "^1.7.0",
        "coveralls": "^2.13.0",
        "eslint": "^3.19.0",
        "eslint-loader": "^1.7.1",
        "eslint-plugin-prettier": "^2.6.2",
        "istanbul": "^0.4.5",
        "mocha": "^5.2.0",
        "node-noop": "^1.0.0",
        "prettier": "^1.14.2",
        "webpack": "^3.0.0"
      },
      "engines": {
        "node": ">= 1.0.0"
      }
    },
    "../../node_modules/.pnpm/d3-delaunay@6.0.4/node_modules/d3-delaunay": {
      "version": "6.0.4",
      "license": "ISC",
      "dependencies": {
        "delaunator": "5"
      },
      "devDependencies": {
        "@rollup/plugin-node-resolve": "13",
        "eslint": "7",
        "mocha": "8",
        "rollup": "2",
        "rollup-plugin-terser": "7"
      },
      "engines": {
        "node": ">=12"
      }
    },
    "../../node_modules/.pnpm/node-cron@3.0.3/node_modules/node-cron": {
      "version": "3.0.3",
      "license": "ISC",
      "dependencies": {
        "uuid": "8.3.2"
      },
      "devDependencies": {
        "chai": "^4.2.0",
        "eslint": "^5.7.0",
        "istanbul": "^0.4.2",
        "mocha": "^6.1.4",
        "moment-timezone": "^0.5.33",
        "nyc": "^14.0.0",
        "sinon": "^7.3.2"
      },
      "engines": {
        "node": ">=6.0.0"
      }
    },
    "../../node_modules/.pnpm/sharp@0.33.5/node_modules/sharp": {
      "version": "0.33.5",
      "hasInstallScript": true,
      "license": "Apache-2.0",
      "dependencies": {
        "color": "^4.2.3",
        "detect-libc": "^2.0.3",
        "semver": "^7.6.3"
      },
      "devDependencies": {
        "@emnapi/runtime": "^1.2.0",
        "@img/sharp-libvips-dev": "1.0.4",
        "@img/sharp-libvips-dev-wasm32": "1.0.5",
        "@img/sharp-libvips-win32-ia32": "1.0.4",
        "@img/sharp-libvips-win32-x64": "1.0.4",
        "@types/node": "*",
        "async": "^3.2.5",
        "cc": "^3.0.1",
        "emnapi": "^1.2.0",
        "exif-reader": "^2.0.1",
        "extract-zip": "^2.0.1",
        "icc": "^3.0.0",
        "jsdoc-to-markdown": "^8.0.3",
        "license-checker": "^25.0.1",
        "mocha": "^10.7.3",
        "node-addon-api": "^8.1.0",
        "nyc": "^17.0.0",
        "prebuild": "^13.0.1",
        "semistandard": "^17.0.0",
        "tar-fs": "^3.0.6",
        "tsd": "^0.31.1"
      },
      "engines": {
        "node": "^18.17.0 || ^20.3.0 || >=21.0.0"
      },
      "funding": {
        "url": "https://opencollective.com/libvips"
      },
      "optionalDependencies": {
        "@img/sharp-darwin-arm64": "0.33.5",
        "@img/sharp-darwin-x64": "0.33.5",
        "@img/sharp-libvips-darwin-arm64": "1.0.4",
        "@img/sharp-libvips-darwin-x64": "1.0.4",
        "@img/sharp-libvips-linux-arm": "1.0.5",
        "@img/sharp-libvips-linux-arm64": "1.0.4",
        "@img/sharp-libvips-linux-s390x": "1.0.4",
        "@img/sharp-libvips-linux-x64": "1.0.4",
        "@img/sharp-libvips-linuxmusl-arm64": "1.0.4",
        "@img/sharp-libvips-linuxmusl-x64": "1.0.4",
        "@img/sharp-linux-arm": "0.33.5",
        "@img/sharp-linux-arm64": "0.33.5",
        "@img/sharp-linux-s390x": "0.33.5",
        "@img/sharp-linux-x64": "0.33.5",
        "@img/sharp-linuxmusl-arm64": "0.33.5",
        "@img/sharp-linuxmusl-x64": "0.33.5",
        "@img/sharp-wasm32": "0.33.5",
        "@img/sharp-win32-ia32": "0.33.5",
        "@img/sharp-win32-x64": "0.33.5"
      }
    },
    "node_modules/art-template": {
      "resolved": "../../node_modules/.pnpm/art-template@4.13.2/node_modules/art-template",
      "link": true
    },
    "node_modules/d3-delaunay": {
      "resolved": "../../node_modules/.pnpm/d3-delaunay@6.0.4/node_modules/d3-delaunay",
      "link": true
    },
    "node_modules/fuzzysort": {
      "version": "1.9.0",
      "resolved": "https://registry.npmmirror.com/fuzzysort/-/fuzzysort-1.9.0.tgz",
      "integrity": "sha512-MOxCT0qLTwLqmEwc7UtU045RKef7mc8Qz8eR4r2bLNEq9dy/c3ZKMEFp6IEst69otkQdFZ4FfgH2dmZD+ddX1g==",
      "license": "MIT"
    },
    "node_modules/genshin-db": {
      "version": "5.2.7",
      "resolved": "https://registry.npmmirror.com/genshin-db/-/genshin-db-5.2.7.tgz",
      "integrity": "sha512-6aA5j4qP2Vu3sh3dnSajrrncVVxEW6uqQs7gp5aTQDBWFeHYmjvr/aPF1TkI5HiWPAFpN7jQ8zUwLvYKHQstsw==",
      "license": "MIT",
      "dependencies": {
        "fuzzysort": "^1.1.4",
        "pako": "^2.0.4"
      }
    },
    "node_modules/node-cron": {
      "resolved": "../../node_modules/.pnpm/node-cron@3.0.3/node_modules/node-cron",
      "link": true
    },
    "node_modules/pako": {
      "version": "2.2.0",
      "resolved": "https://registry.npmmirror.com/pako/-/pako-2.2.0.tgz",
      "integrity": "sha512-zJq6RP/5q+TO2OpFV3FHzlPnFjmkb7Nc99a5SNjJE+uu/PkpChs+NIZSSzbBoD+6kjiISXjfYdwj1ZRQ81dz/w==",
      "funding": [
        {
          "type": "github",
          "url": "https://github.com/sponsors/puzrin"
        },
        {
          "type": "github",
          "url": "https://github.com/sponsors/nodeca"
        }
      ],
      "license": "(MIT AND Zlib)"
    },
    "node_modules/sharp": {
      "resolved": "../../node_modules/.pnpm/sharp@0.33.5/node_modules/sharp",
      "link": true
    }
  }
}
